
Microsoft Visual Studio Solution File, Format Version 12.00
# Visual Studio Version 17
VisualStudioVersion = 17.10.35122.118
MinimumVisualStudioVersion = 10.0.40219.1
Project("{FAE04EC0-301F-11D3-BF4B-00C04F79EFBC}") = "WindowsFormlaraGiris", "WindowsFormlaraGiris.csproj", "{B5D1B0E2-EC72-46B8-BAF0-F07A5002CED9}"
EndProject
Global
	GlobalSection(SolutionConfigurationPlatforms) = preSolution
		Debug|Any CPU = Debug|Any CPU
		Release|Any CPU = Release|Any CPU
	EndGlobalSection
	GlobalSection(ProjectConfigurationPlatforms) = postSolution
		{B5D1B0E2-EC72-46B8-BAF0-F07A5002CED9}.Debug|Any CPU.ActiveCfg = Debug|Any CPU
		{B5D1B0E2-EC72-46B8-BAF0-F07A5002CED9}.Debug|Any CPU.Build.0 = Debug|Any CPU
		{B5D1B0E2-EC72-46B8-BAF0-F07A5002CED9}.Release|Any CPU.ActiveCfg = Release|Any CPU
		{B5D1B0E2-EC72-46B8-BAF0-F07A5002CED9}.Release|Any CPU.Build.0 = Release|Any CPU
	EndGlobalSection
	GlobalSection(SolutionProperties) = preSolution
		HideSolutionNode = FALSE
	EndGlobalSection
	GlobalSection(ExtensibilityGlobals) = postSolution
		SolutionGuid = {03DDE229-849C-4A19-BAB7-EFE8248DFB93}
	EndGlobalSection
EndGlobal
