
Microsoft Visual Studio Solution File, Format Version 12.00
# Visual Studio Version 17
VisualStudioVersion = 17.10.35122.118
MinimumVisualStudioVersion = 10.0.40219.1
Project("{FAE04EC0-301F-11D3-BF4B-00C04F79EFBC}") = "WindowsFormlaraGiris", "WindowsFormlaraGiris.csproj", "{B5D1B0E2-EC72-46B8-BAF0-F07A5002CED9}"
EndProject
Project("{FAE04EC0-301F-11D3-BF4B-00C04F79EFBC}") = "NotHesaplamaUygulaması", "..\NotHesaplamaUygulaması\NotHesaplamaUygulaması.csproj", "{4197EA3A-3C95-4CBB-A038-4BB72DC54F49}"
EndProject
Project("{FAE04EC0-301F-11D3-BF4B-00C04F79EFBC}") = "ComboBox", "..\ComboBox\ComboBox.csproj", "{E633AE9F-29B8-4377-88FB-4275E47BF787}"
EndProject
Project("{FAE04EC0-301F-11D3-BF4B-00C04F79EFBC}") = "DLL", "..\DLL\DLL.csproj", "{813DB450-BDFA-442C-8ED3-64C6F38C0198}"
EndProject
Project("{FAE04EC0-301F-11D3-BF4B-00C04F79EFBC}") = "Matematik", "..\Matematik\Matematik.csproj", "{5E39A29D-EFF7-473D-A1EC-D3C91BFA0CA1}"
EndProject
Global
	GlobalSection(SolutionConfigurationPlatforms) = preSolution
		Debug|Any CPU = Debug|Any CPU
		Release|Any CPU = Release|Any CPU
	EndGlobalSection
	GlobalSection(ProjectConfigurationPlatforms) = postSolution
		{B5D1B0E2-EC72-46B8-BAF0-F07A5002CED9}.Debug|Any CPU.ActiveCfg = Debug|Any CPU
		{B5D1B0E2-EC72-46B8-BAF0-F07A5002CED9}.Debug|Any CPU.Build.0 = Debug|Any CPU
		{B5D1B0E2-EC72-46B8-BAF0-F07A5002CED9}.Release|Any CPU.ActiveCfg = Release|Any CPU
		{B5D1B0E2-EC72-46B8-BAF0-F07A5002CED9}.Release|Any CPU.Build.0 = Release|Any CPU
		{4197EA3A-3C95-4CBB-A038-4BB72DC54F49}.Debug|Any CPU.ActiveCfg = Debug|Any CPU
		{4197EA3A-3C95-4CBB-A038-4BB72DC54F49}.Debug|Any CPU.Build.0 = Debug|Any CPU
		{4197EA3A-3C95-4CBB-A038-4BB72DC54F49}.Release|Any CPU.ActiveCfg = Release|Any CPU
		{4197EA3A-3C95-4CBB-A038-4BB72DC54F49}.Release|Any CPU.Build.0 = Release|Any CPU
		{E633AE9F-29B8-4377-88FB-4275E47BF787}.Debug|Any CPU.ActiveCfg = Debug|Any CPU
		{E633AE9F-29B8-4377-88FB-4275E47BF787}.Debug|Any CPU.Build.0 = Debug|Any CPU
		{E633AE9F-29B8-4377-88FB-4275E47BF787}.Release|Any CPU.ActiveCfg = Release|Any CPU
		{E633AE9F-29B8-4377-88FB-4275E47BF787}.Release|Any CPU.Build.0 = Release|Any CPU
		{813DB450-BDFA-442C-8ED3-64C6F38C0198}.Debug|Any CPU.ActiveCfg = Debug|Any CPU
		{813DB450-BDFA-442C-8ED3-64C6F38C0198}.Debug|Any CPU.Build.0 = Debug|Any CPU
		{813DB450-BDFA-442C-8ED3-64C6F38C0198}.Release|Any CPU.ActiveCfg = Release|Any CPU
		{813DB450-BDFA-442C-8ED3-64C6F38C0198}.Release|Any CPU.Build.0 = Release|Any CPU
		{5E39A29D-EFF7-473D-A1EC-D3C91BFA0CA1}.Debug|Any CPU.ActiveCfg = Debug|Any CPU
		{5E39A29D-EFF7-473D-A1EC-D3C91BFA0CA1}.Debug|Any CPU.Build.0 = Debug|Any CPU
		{5E39A29D-EFF7-473D-A1EC-D3C91BFA0CA1}.Release|Any CPU.ActiveCfg = Release|Any CPU
		{5E39A29D-EFF7-473D-A1EC-D3C91BFA0CA1}.Release|Any CPU.Build.0 = Release|Any CPU
	EndGlobalSection
	GlobalSection(SolutionProperties) = preSolution
		HideSolutionNode = FALSE
	EndGlobalSection
	GlobalSection(ExtensibilityGlobals) = postSolution
		SolutionGuid = {03DDE229-849C-4A19-BAB7-EFE8248DFB93}
	EndGlobalSection
EndGlobal
